{
  "object": {
    "pins": [
      {
        "package": "SpecialString",
        "repositoryURL": "https://github.com/RougeWare/Swift-Special-String.git",
        "state": {
          "branch": null,
          "revision": "4d869a8106cdecac2fb9bac5293277cceed09701",
          "version": "1.1.0"
        }
      }
    ]
  },
  "version": 1
}
